
Microsoft Visual Studio Solution File, Format Version 12.00
# Visual Studio Version 16
VisualStudioVersion = 16.0.31702.278
MinimumVisualStudioVersion = 10.0.40219.1
Project("{9A19103F-16F7-4668-BE54-9A1E7A4F7556}") = "DAL", "DAL\DAL.csproj", "{37705DC4-B49C-4198-B119-A898A4228C10}"
EndProject
Project("{FAE04EC0-301F-11D3-BF4B-00C04F79EFBC}") = "ConsoleApplication", "ConsoleApplication\ConsoleApplication.csproj", "{C2E66197-6B38-465A-AC0C-A921A2DD9E13}"
EndProject
Project("{FAE04EC0-301F-11D3-BF4B-00C04F79EFBC}") = "DALTests", "DALTests\DALTests.csproj", "{5D4045F4-A51E-4159-81D5-66B14A8FEAB7}"
EndProject
Global
	GlobalSection(SolutionConfigurationPlatforms) = preSolution
		Debug|Any CPU = Debug|Any CPU
		Release|Any CPU = Release|Any CPU
	EndGlobalSection
	GlobalSection(ProjectConfigurationPlatforms) = postSolution
		{37705DC4-B49C-4198-B119-A898A4228C10}.Debug|Any CPU.ActiveCfg = Debug|Any CPU
		{37705DC4-B49C-4198-B119-A898A4228C10}.Debug|Any CPU.Build.0 = Debug|Any CPU
		{37705DC4-B49C-4198-B119-A898A4228C10}.Release|Any CPU.ActiveCfg = Release|Any CPU
		{37705DC4-B49C-4198-B119-A898A4228C10}.Release|Any CPU.Build.0 = Release|Any CPU
		{C2E66197-6B38-465A-AC0C-A921A2DD9E13}.Debug|Any CPU.ActiveCfg = Debug|Any CPU
		{C2E66197-6B38-465A-AC0C-A921A2DD9E13}.Debug|Any CPU.Build.0 = Debug|Any CPU
		{C2E66197-6B38-465A-AC0C-A921A2DD9E13}.Release|Any CPU.ActiveCfg = Release|Any CPU
		{C2E66197-6B38-465A-AC0C-A921A2DD9E13}.Release|Any CPU.Build.0 = Release|Any CPU
		{5D4045F4-A51E-4159-81D5-66B14A8FEAB7}.Debug|Any CPU.ActiveCfg = Debug|Any CPU
		{5D4045F4-A51E-4159-81D5-66B14A8FEAB7}.Debug|Any CPU.Build.0 = Debug|Any CPU
		{5D4045F4-A51E-4159-81D5-66B14A8FEAB7}.Release|Any CPU.ActiveCfg = Release|Any CPU
		{5D4045F4-A51E-4159-81D5-66B14A8FEAB7}.Release|Any CPU.Build.0 = Release|Any CPU
	EndGlobalSection
	GlobalSection(SolutionProperties) = preSolution
		HideSolutionNode = FALSE
	EndGlobalSection
	GlobalSection(ExtensibilityGlobals) = postSolution
		SolutionGuid = {4C788847-BDBF-4E36-AE8A-00C9C7FF09D4}
	EndGlobalSection
EndGlobal
